// !$*UTF8*$!
{
	archiveVersion = 1;
	classes = {
	};
	objectVersion = 51;
	objects = {

/* Begin PBXBuildFile section */
		39136FB1247062F7009162F5 /* HomeController.swift in Sources */ = {isa = PBXBuildFile; fileRef = 39136FB0247062F7009162F5 /* HomeController.swift */; };
		395A848D246998F500B7E806 /* MainTabBarController.swift in Sources */ = {isa = PBXBuildFile; fileRef = 395A848C246998F500B7E806 /* MainTabBarController.swift */; };
		395A848F24699AD200B7E806 /* UserProfileController.swift in Sources */ = {isa = PBXBuildFile; fileRef = 395A848E24699AD200B7E806 /* UserProfileController.swift */; };
		395A84912469AF1800B7E806 /* UserProfileCollectionViewCell.swift in Sources */ = {isa = PBXBuildFile; fileRef = 395A84902469AF1800B7E806 /* UserProfileCollectionViewCell.swift */; };
		395A84942469B05900B7E806 /* UserProfileHeader.swift in Sources */ = {isa = PBXBuildFile; fileRef = 395A84932469B05900B7E806 /* UserProfileHeader.swift */; };
		3982E9B8247AA53000BE99E6 /* User.swift in Sources */ = {isa = PBXBuildFile; fileRef = 3982E9B7247AA53000BE99E6 /* User.swift */; };
		3982E9BA247ACA7000BE99E6 /* FirebaseUtilties.swift in Sources */ = {isa = PBXBuildFile; fileRef = 3982E9B9247ACA7000BE99E6 /* FirebaseUtilties.swift */; };
		3982E9BD247AD46400BE99E6 /* UserSearchController.swift in Sources */ = {isa = PBXBuildFile; fileRef = 3982E9BC247AD46400BE99E6 /* UserSearchController.swift */; };
		3982E9BF247AD5DD00BE99E6 /* UserSearchCell.swift in Sources */ = {isa = PBXBuildFile; fileRef = 3982E9BE247AD5DD00BE99E6 /* UserSearchCell.swift */; };
		3982E9C2247D376E00BE99E6 /* CameraController.swift in Sources */ = {isa = PBXBuildFile; fileRef = 3982E9C1247D376E00BE99E6 /* CameraController.swift */; };
		3982E9C4247D727500BE99E6 /* PerviewPhotoContinaerView.swift in Sources */ = {isa = PBXBuildFile; fileRef = 3982E9C3247D727500BE99E6 /* PerviewPhotoContinaerView.swift */; };
		3982E9C6247DBFFE00BE99E6 /* CustomAnimationPresentor.swift in Sources */ = {isa = PBXBuildFile; fileRef = 3982E9C5247DBFFE00BE99E6 /* CustomAnimationPresentor.swift */; };
		3982E9C8247DD20700BE99E6 /* CustomAnimationDismisser.swift in Sources */ = {isa = PBXBuildFile; fileRef = 3982E9C7247DD20700BE99E6 /* CustomAnimationDismisser.swift */; };
		3982E9CA247EB9E600BE99E6 /* CommentsController.swift in Sources */ = {isa = PBXBuildFile; fileRef = 3982E9C9247EB9E600BE99E6 /* CommentsController.swift */; };
		3982E9CE247F29E700BE99E6 /* CommentCell.swift in Sources */ = {isa = PBXBuildFile; fileRef = 3982E9CD247F29E700BE99E6 /* CommentCell.swift */; };
		3982E9D0247F532300BE99E6 /* Comment.swift in Sources */ = {isa = PBXBuildFile; fileRef = 3982E9CF247F532300BE99E6 /* Comment.swift */; };
		3982E9D324803F6700BE99E6 /* HomePostCell.swift in Sources */ = {isa = PBXBuildFile; fileRef = 3982E9D124803F6700BE99E6 /* HomePostCell.swift */; };
		3982E9D424803F6700BE99E6 /* HomePostCell.xib in Resources */ = {isa = PBXBuildFile; fileRef = 3982E9D224803F6700BE99E6 /* HomePostCell.xib */; };
		3982E9D724813EB400BE99E6 /* CommentInputAccessoryView.swift in Sources */ = {isa = PBXBuildFile; fileRef = 3982E9D624813EB400BE99E6 /* CommentInputAccessoryView.swift */; };
		3982E9D92481644C00BE99E6 /* CommentInputTextView.swift in Sources */ = {isa = PBXBuildFile; fileRef = 3982E9D82481644B00BE99E6 /* CommentInputTextView.swift */; };
		39B6DA1B2469FDA1008CA0C3 /* LoginController.swift in Sources */ = {isa = PBXBuildFile; fileRef = 39B6DA1A2469FDA1008CA0C3 /* LoginController.swift */; };
		39C713CF246BBF1A00CE3BE0 /* SharePhotoController.swift in Sources */ = {isa = PBXBuildFile; fileRef = 39C713CE246BBF1A00CE3BE0 /* SharePhotoController.swift */; };
		39D35FAC246AF15F004A5E35 /* PhotoSelectorController.swift in Sources */ = {isa = PBXBuildFile; fileRef = 39D35FAB246AF15F004A5E35 /* PhotoSelectorController.swift */; };
		39D6AC3D246B1CE00048F093 /* PhotoSelectorCell.swift in Sources */ = {isa = PBXBuildFile; fileRef = 39D6AC3C246B1CE00048F093 /* PhotoSelectorCell.swift */; };
		39D6AC3F246BAE6B0048F093 /* PhotoSelectorHeader.swift in Sources */ = {isa = PBXBuildFile; fileRef = 39D6AC3E246BAE6B0048F093 /* PhotoSelectorHeader.swift */; };
		39E0481F246F411D00CF39D3 /* Post.swift in Sources */ = {isa = PBXBuildFile; fileRef = 39E0481E246F411D00CF39D3 /* Post.swift */; };
		39E04821246F7AF000CF39D3 /* CustomImageView.swift in Sources */ = {isa = PBXBuildFile; fileRef = 39E04820246F7AF000CF39D3 /* CustomImageView.swift */; };
		39FE695324682B070009E1D8 /* AppDelegate.swift in Sources */ = {isa = PBXBuildFile; fileRef = 39FE695224682B070009E1D8 /* AppDelegate.swift */; };
		39FE695724682B070009E1D8 /* SignUpController.swift in Sources */ = {isa = PBXBuildFile; fileRef = 39FE695624682B070009E1D8 /* SignUpController.swift */; };
		39FE695A24682B070009E1D8 /* Main.storyboard in Resources */ = {isa = PBXBuildFile; fileRef = 39FE695824682B070009E1D8 /* Main.storyboard */; };
		39FE695C24682B0D0009E1D8 /* Assets.xcassets in Resources */ = {isa = PBXBuildFile; fileRef = 39FE695B24682B0D0009E1D8 /* Assets.xcassets */; };
		39FE695F24682B0D0009E1D8 /* LaunchScreen.storyboard in Resources */ = {isa = PBXBuildFile; fileRef = 39FE695D24682B0D0009E1D8 /* LaunchScreen.storyboard */; };
		39FE6968246841690009E1D8 /* Extentions.swift in Sources */ = {isa = PBXBuildFile; fileRef = 39FE6967246841690009E1D8 /* Extentions.swift */; };
		39FE696A246844870009E1D8 /* GoogleService-Info.plist in Resources */ = {isa = PBXBuildFile; fileRef = 39FE6969246844870009E1D8 /* GoogleService-Info.plist */; };
		ABDCF46240B79C0B23A7717F /* Pods_InstagramFirebase.framework in Frameworks */ = {isa = PBXBuildFile; fileRef = 07E8EA3B0BA8FD7BB3626EC2 /* Pods_InstagramFirebase.framework */; };
/* End PBXBuildFile section */

/* Begin PBXFileReference section */
		07E8EA3B0BA8FD7BB3626EC2 /* Pods_InstagramFirebase.framework */ = {isa = PBXFileReference; explicitFileType = wrapper.framework; includeInIndex = 0; path = Pods_InstagramFirebase.framework; sourceTree = BUILT_PRODUCTS_DIR; };
		39136FB0247062F7009162F5 /* HomeController.swift */ = {isa = PBXFileReference; lastKnownFileType = sourcecode.swift; path = HomeController.swift; sourceTree = "<group>"; };
		395A848C246998F500B7E806 /* MainTabBarController.swift */ = {isa = PBXFileReference; lastKnownFileType = sourcecode.swift; path = MainTabBarController.swift; sourceTree = "<group>"; };
		395A848E24699AD200B7E806 /* UserProfileController.swift */ = {isa = PBXFileReference; lastKnownFileType = sourcecode.swift; path = UserProfileController.swift; sourceTree = "<group>"; };
		395A84902469AF1800B7E806 /* UserProfileCollectionViewCell.swift */ = {isa = PBXFileReference; lastKnownFileType = sourcecode.swift; path = UserProfileCollectionViewCell.swift; sourceTree = "<group>"; };
		395A84932469B05900B7E806 /* UserProfileHeader.swift */ = {isa = PBXFileReference; lastKnownFileType = sourcecode.swift; path = UserProfileHeader.swift; sourceTree = "<group>"; };
		3982E9B7247AA53000BE99E6 /* User.swift */ = {isa = PBXFileReference; lastKnownFileType = sourcecode.swift; path = User.swift; sourceTree = "<group>"; };
		3982E9B9247ACA7000BE99E6 /* FirebaseUtilties.swift */ = {isa = PBXFileReference; lastKnownFileType = sourcecode.swift; path = FirebaseUtilties.swift; sourceTree = "<group>"; };
		3982E9BC247AD46400BE99E6 /* UserSearchController.swift */ = {isa = PBXFileReference; lastKnownFileType = sourcecode.swift; path = UserSearchController.swift; sourceTree = "<group>"; };
		3982E9BE247AD5DD00BE99E6 /* UserSearchCell.swift */ = {isa = PBXFileReference; lastKnownFileType = sourcecode.swift; path = UserSearchCell.swift; sourceTree = "<group>"; };
		3982E9C1247D376E00BE99E6 /* CameraController.swift */ = {isa = PBXFileReference; lastKnownFileType = sourcecode.swift; path = CameraController.swift; sourceTree = "<group>"; };
		3982E9C3247D727500BE99E6 /* PerviewPhotoContinaerView.swift */ = {isa = PBXFileReference; lastKnownFileType = sourcecode.swift; path = PerviewPhotoContinaerView.swift; sourceTree = "<group>"; };
		3982E9C5247DBFFE00BE99E6 /* CustomAnimationPresentor.swift */ = {isa = PBXFileReference; lastKnownFileType = sourcecode.swift; path = CustomAnimationPresentor.swift; sourceTree = "<group>"; };
		3982E9C7247DD20700BE99E6 /* CustomAnimationDismisser.swift */ = {isa = PBXFileReference; lastKnownFileType = sourcecode.swift; path = CustomAnimationDismisser.swift; sourceTree = "<group>"; };
		3982E9C9247EB9E600BE99E6 /* CommentsController.swift */ = {isa = PBXFileReference; lastKnownFileType = sourcecode.swift; path = CommentsController.swift; sourceTree = "<group>"; };
		3982E9CD247F29E700BE99E6 /* CommentCell.swift */ = {isa = PBXFileReference; lastKnownFileType = sourcecode.swift; path = CommentCell.swift; sourceTree = "<group>"; };
		3982E9CF247F532300BE99E6 /* Comment.swift */ = {isa = PBXFileReference; lastKnownFileType = sourcecode.swift; path = Comment.swift; sourceTree = "<group>"; };
		3982E9D124803F6700BE99E6 /* HomePostCell.swift */ = {isa = PBXFileReference; lastKnownFileType = sourcecode.swift; path = HomePostCell.swift; sourceTree = "<group>"; };
		3982E9D224803F6700BE99E6 /* HomePostCell.xib */ = {isa = PBXFileReference; lastKnownFileType = file.xib; path = HomePostCell.xib; sourceTree = "<group>"; };
		3982E9D624813EB400BE99E6 /* CommentInputAccessoryView.swift */ = {isa = PBXFileReference; lastKnownFileType = sourcecode.swift; path = CommentInputAccessoryView.swift; sourceTree = "<group>"; };
		3982E9D82481644B00BE99E6 /* CommentInputTextView.swift */ = {isa = PBXFileReference; lastKnownFileType = sourcecode.swift; path = CommentInputTextView.swift; sourceTree = "<group>"; };
		39B6DA1A2469FDA1008CA0C3 /* LoginController.swift */ = {isa = PBXFileReference; lastKnownFileType = sourcecode.swift; path = LoginController.swift; sourceTree = "<group>"; };
		39C713CE246BBF1A00CE3BE0 /* SharePhotoController.swift */ = {isa = PBXFileReference; lastKnownFileType = sourcecode.swift; path = SharePhotoController.swift; sourceTree = "<group>"; };
		39D35FAB246AF15F004A5E35 /* PhotoSelectorController.swift */ = {isa = PBXFileReference; lastKnownFileType = sourcecode.swift; path = PhotoSelectorController.swift; sourceTree = "<group>"; };
		39D6AC3C246B1CE00048F093 /* PhotoSelectorCell.swift */ = {isa = PBXFileReference; lastKnownFileType = sourcecode.swift; path = PhotoSelectorCell.swift; sourceTree = "<group>"; };
		39D6AC3E246BAE6B0048F093 /* PhotoSelectorHeader.swift */ = {isa = PBXFileReference; lastKnownFileType = sourcecode.swift; path = PhotoSelectorHeader.swift; sourceTree = "<group>"; };
		39E0481E246F411D00CF39D3 /* Post.swift */ = {isa = PBXFileReference; lastKnownFileType = sourcecode.swift; path = Post.swift; sourceTree = "<group>"; };
		39E04820246F7AF000CF39D3 /* CustomImageView.swift */ = {isa = PBXFileReference; lastKnownFileType = sourcecode.swift; path = CustomImageView.swift; sourceTree = "<group>"; };
		39FE694F24682B070009E1D8 /* InstagramFirebase.app */ = {isa = PBXFileReference; explicitFileType = wrapper.application; includeInIndex = 0; path = InstagramFirebase.app; sourceTree = BUILT_PRODUCTS_DIR; };
		39FE695224682B070009E1D8 /* AppDelegate.swift */ = {isa = PBXFileReference; lastKnownFileType = sourcecode.swift; path = AppDelegate.swift; sourceTree = "<group>"; };
		39FE695624682B070009E1D8 /* SignUpController.swift */ = {isa = PBXFileReference; lastKnownFileType = sourcecode.swift; path = SignUpController.swift; sourceTree = "<group>"; };
		39FE695924682B070009E1D8 /* Base */ = {isa = PBXFileReference; lastKnownFileType = file.storyboard; name = Base; path = Base.lproj/Main.storyboard; sourceTree = "<group>"; };
		39FE695B24682B0D0009E1D8 /* Assets.xcassets */ = {isa = PBXFileReference; lastKnownFileType = folder.assetcatalog; path = Assets.xcassets; sourceTree = "<group>"; };
		39FE695E24682B0D0009E1D8 /* Base */ = {isa = PBXFileReference; lastKnownFileType = file.storyboard; name = Base; path = Base.lproj/LaunchScreen.storyboard; sourceTree = "<group>"; };
		39FE696024682B0D0009E1D8 /* Info.plist */ = {isa = PBXFileReference; lastKnownFileType = text.plist.xml; path = Info.plist; sourceTree = "<group>"; };
		39FE6967246841690009E1D8 /* Extentions.swift */ = {isa = PBXFileReference; lastKnownFileType = sourcecode.swift; path = Extentions.swift; sourceTree = "<group>"; };
		39FE6969246844870009E1D8 /* GoogleService-Info.plist */ = {isa = PBXFileReference; fileEncoding = 4; lastKnownFileType = text.plist.xml; path = "GoogleService-Info.plist"; sourceTree = "<group>"; };
		8898B63A5CC2065575B71DE3 /* Pods-InstagramFirebase.debug.xcconfig */ = {isa = PBXFileReference; includeInIndex = 1; lastKnownFileType = text.xcconfig; name = "Pods-InstagramFirebase.debug.xcconfig"; path = "Target Support Files/Pods-InstagramFirebase/Pods-InstagramFirebase.debug.xcconfig"; sourceTree = "<group>"; };
		E8D4D8A7BFDC256EB17F7F65 /* Pods-InstagramFirebase.release.xcconfig */ = {isa = PBXFileReference; includeInIndex = 1; lastKnownFileType = text.xcconfig; name = "Pods-InstagramFirebase.release.xcconfig"; path = "Target Support Files/Pods-InstagramFirebase/Pods-InstagramFirebase.release.xcconfig"; sourceTree = "<group>"; };
/* End PBXFileReference section */

/* Begin PBXFrameworksBuildPhase section */
		39FE694C24682B070009E1D8 /* Frameworks */ = {
			isa = PBXFrameworksBuildPhase;
			buildActionMask = 2147483647;
			files = (
				ABDCF46240B79C0B23A7717F /* Pods_InstagramFirebase.framework in Frameworks */,
			);
			runOnlyForDeploymentPostprocessing = 0;
		};
/* End PBXFrameworksBuildPhase section */

/* Begin PBXGroup section */
		39136FAF247062DB009162F5 /* Home */ = {
			isa = PBXGroup;
			children = (
				39136FB0247062F7009162F5 /* HomeController.swift */,
				3982E9C9247EB9E600BE99E6 /* CommentsController.swift */,
				3982E9D624813EB400BE99E6 /* CommentInputAccessoryView.swift */,
				3982E9D82481644B00BE99E6 /* CommentInputTextView.swift */,
				3982E9CD247F29E700BE99E6 /* CommentCell.swift */,
				3982E9D524803F6D00BE99E6 /* HomePostCell */,
			);
			path = Home;
			sourceTree = "<group>";
		};
		395A84922469AFE700B7E806 /* UserProfile */ = {
			isa = PBXGroup;
			children = (
				395A848E24699AD200B7E806 /* UserProfileController.swift */,
				395A84932469B05900B7E806 /* UserProfileHeader.swift */,
				395A84902469AF1800B7E806 /* UserProfileCollectionViewCell.swift */,
			);
			path = UserProfile;
			sourceTree = "<group>";
		};
		3982E9BB247ACDAD00BE99E6 /* Search */ = {
			isa = PBXGroup;
			children = (
				3982E9BC247AD46400BE99E6 /* UserSearchController.swift */,
				3982E9BE247AD5DD00BE99E6 /* UserSearchCell.swift */,
			);
			path = Search;
			sourceTree = "<group>";
		};
		3982E9C0247D374300BE99E6 /* Camera */ = {
			isa = PBXGroup;
			children = (
				3982E9C1247D376E00BE99E6 /* CameraController.swift */,
				3982E9C3247D727500BE99E6 /* PerviewPhotoContinaerView.swift */,
				3982E9C5247DBFFE00BE99E6 /* CustomAnimationPresentor.swift */,
				3982E9C7247DD20700BE99E6 /* CustomAnimationDismisser.swift */,
			);
			path = Camera;
			sourceTree = "<group>";
		};
		3982E9D524803F6D00BE99E6 /* HomePostCell */ = {
			isa = PBXGroup;
			children = (
				3982E9D224803F6700BE99E6 /* HomePostCell.xib */,
				3982E9D124803F6700BE99E6 /* HomePostCell.swift */,
			);
			path = HomePostCell;
			sourceTree = "<group>";
		};
		39B6DA192469FD6D008CA0C3 /* Login */ = {
			isa = PBXGroup;
			children = (
				39FE695624682B070009E1D8 /* SignUpController.swift */,
				39B6DA1A2469FDA1008CA0C3 /* LoginController.swift */,
			);
			path = Login;
			sourceTree = "<group>";
		};
		39D35FAA246AF10D004A5E35 /* AddPhoto */ = {
			isa = PBXGroup;
			children = (
				39D35FAB246AF15F004A5E35 /* PhotoSelectorController.swift */,
				39C713CE246BBF1A00CE3BE0 /* SharePhotoController.swift */,
				39D6AC3E246BAE6B0048F093 /* PhotoSelectorHeader.swift */,
				39D6AC3C246B1CE00048F093 /* PhotoSelectorCell.swift */,
			);
			path = AddPhoto;
			sourceTree = "<group>";
		};
		39E0481D246F410600CF39D3 /* Model */ = {
			isa = PBXGroup;
			children = (
				39E0481E246F411D00CF39D3 /* Post.swift */,
				3982E9B7247AA53000BE99E6 /* User.swift */,
				3982E9CF247F532300BE99E6 /* Comment.swift */,
			);
			path = Model;
			sourceTree = "<group>";
		};
		39FE694624682B070009E1D8 = {
			isa = PBXGroup;
			children = (
				39FE695124682B070009E1D8 /* InstagramFirebase */,
				39FE695024682B070009E1D8 /* Products */,
				D7434E1EFF04DD397EED7AE1 /* Pods */,
				D0CA6F215B6FABE5ABDA3443 /* Frameworks */,
			);
			sourceTree = "<group>";
		};
		39FE695024682B070009E1D8 /* Products */ = {
			isa = PBXGroup;
			children = (
				39FE694F24682B070009E1D8 /* InstagramFirebase.app */,
			);
			name = Products;
			sourceTree = "<group>";
		};
		39FE695124682B070009E1D8 /* InstagramFirebase */ = {
			isa = PBXGroup;
			children = (
				3982E9C0247D374300BE99E6 /* Camera */,
				3982E9BB247ACDAD00BE99E6 /* Search */,
				39136FAF247062DB009162F5 /* Home */,
				39E0481D246F410600CF39D3 /* Model */,
				39D35FAA246AF10D004A5E35 /* AddPhoto */,
				39B6DA192469FD6D008CA0C3 /* Login */,
				395A84922469AFE700B7E806 /* UserProfile */,
				39FE69662468412D0009E1D8 /* Utilties */,
				395A848C246998F500B7E806 /* MainTabBarController.swift */,
				39FE695824682B070009E1D8 /* Main.storyboard */,
				39FE695224682B070009E1D8 /* AppDelegate.swift */,
				39FE695B24682B0D0009E1D8 /* Assets.xcassets */,
				39FE695D24682B0D0009E1D8 /* LaunchScreen.storyboard */,
				39FE696024682B0D0009E1D8 /* Info.plist */,
				39FE6969246844870009E1D8 /* GoogleService-Info.plist */,
			);
			path = InstagramFirebase;
			sourceTree = "<group>";
		};
		39FE69662468412D0009E1D8 /* Utilties */ = {
			isa = PBXGroup;
			children = (
				39FE6967246841690009E1D8 /* Extentions.swift */,
				39E04820246F7AF000CF39D3 /* CustomImageView.swift */,
				3982E9B9247ACA7000BE99E6 /* FirebaseUtilties.swift */,
			);
			path = Utilties;
			sourceTree = "<group>";
		};
		D0CA6F215B6FABE5ABDA3443 /* Frameworks */ = {
			isa = PBXGroup;
			children = (
				07E8EA3B0BA8FD7BB3626EC2 /* Pods_InstagramFirebase.framework */,
			);
			name = Frameworks;
			sourceTree = "<group>";
		};
		D7434E1EFF04DD397EED7AE1 /* Pods */ = {
			isa = PBXGroup;
			children = (
				8898B63A5CC2065575B71DE3 /* Pods-InstagramFirebase.debug.xcconfig */,
				E8D4D8A7BFDC256EB17F7F65 /* Pods-InstagramFirebase.release.xcconfig */,
			);
			path = Pods;
			sourceTree = "<group>";
		};
/* End PBXGroup section */

/* Begin PBXNativeTarget section */
		39FE694E24682B070009E1D8 /* InstagramFirebase */ = {
			isa = PBXNativeTarget;
			buildConfigurationList = 39FE696324682B0D0009E1D8 /* Build configuration list for PBXNativeTarget "InstagramFirebase" */;
			buildPhases = (
				B0420F1E213D228C40B109C5 /* [CP] Check Pods Manifest.lock */,
				39FE694B24682B070009E1D8 /* Sources */,
				39FE694C24682B070009E1D8 /* Frameworks */,
				39FE694D24682B070009E1D8 /* Resources */,
				B73E292A1796028D33B40A8D /* [CP] Embed Pods Frameworks */,
			);
			buildRules = (
			);
			dependencies = (
			);
			name = InstagramFirebase;
			productName = InstagramFirebase;
			productReference = 39FE694F24682B070009E1D8 /* InstagramFirebase.app */;
			productType = "com.apple.product-type.application";
		};
/* End PBXNativeTarget section */

/* Begin PBXProject section */
		39FE694724682B070009E1D8 /* Project object */ = {
			isa = PBXProject;
			attributes = {
				LastSwiftUpdateCheck = 1110;
				LastUpgradeCheck = 1110;
				ORGANIZATIONNAME = Mahmoud;
				TargetAttributes = {
					39FE694E24682B070009E1D8 = {
						CreatedOnToolsVersion = 11.1;
					};
				};
			};
			buildConfigurationList = 39FE694A24682B070009E1D8 /* Build configuration list for PBXProject "InstagramFirebase" */;
			compatibilityVersion = "Xcode 9.3";
			developmentRegion = en;
			hasScannedForEncodings = 0;
			knownRegions = (
				en,
				Base,
			);
			mainGroup = 39FE694624682B070009E1D8;
			productRefGroup = 39FE695024682B070009E1D8 /* Products */;
			projectDirPath = "";
			projectRoot = "";
			targets = (
				39FE694E24682B070009E1D8 /* InstagramFirebase */,
			);
		};
/* End PBXProject section */

/* Begin PBXResourcesBuildPhase section */
		39FE694D24682B070009E1D8 /* Resources */ = {
			isa = PBXResourcesBuildPhase;
			buildActionMask = 2147483647;
			files = (
				39FE695F24682B0D0009E1D8 /* LaunchScreen.storyboard in Resources */,
				39FE696A246844870009E1D8 /* GoogleService-Info.plist in Resources */,
				39FE695C24682B0D0009E1D8 /* Assets.xcassets in Resources */,
				39FE695A24682B070009E1D8 /* Main.storyboard in Resources */,
				3982E9D424803F6700BE99E6 /* HomePostCell.xib in Resources */,
			);
			runOnlyForDeploymentPostprocessing = 0;
		};
/* End PBXResourcesBuildPhase section */

/* Begin PBXShellScriptBuildPhase section */
		B0420F1E213D228C40B109C5 /* [CP] Check Pods Manifest.lock */ = {
			isa = PBXShellScriptBuildPhase;
			buildActionMask = 2147483647;
			files = (
			);
			inputFileListPaths = (
			);
			inputPaths = (
				"${PODS_PODFILE_DIR_PATH}/Podfile.lock",
				"${PODS_ROOT}/Manifest.lock",
			);
			name = "[CP] Check Pods Manifest.lock";
			outputFileListPaths = (
			);
			outputPaths = (
				"$(DERIVED_FILE_DIR)/Pods-InstagramFirebase-checkManifestLockResult.txt",
			);
			runOnlyForDeploymentPostprocessing = 0;
			shellPath = /bin/sh;
			shellScript = "diff \"${PODS_PODFILE_DIR_PATH}/Podfile.lock\" \"${PODS_ROOT}/Manifest.lock\" > /dev/null\nif [ $? != 0 ] ; then\n    # print error to STDERR\n    echo \"error: The sandbox is not in sync with the Podfile.lock. Run 'pod install' or update your CocoaPods installation.\" >&2\n    exit 1\nfi\n# This output is used by Xcode 'outputs' to avoid re-running this script phase.\necho \"SUCCESS\" > \"${SCRIPT_OUTPUT_FILE_0}\"\n";
			showEnvVarsInLog = 0;
		};
		B73E292A1796028D33B40A8D /* [CP] Embed Pods Frameworks */ = {
			isa = PBXShellScriptBuildPhase;
			buildActionMask = 2147483647;
			files = (
			);
			inputFileListPaths = (
				"${PODS_ROOT}/Target Support Files/Pods-InstagramFirebase/Pods-InstagramFirebase-frameworks-${CONFIGURATION}-input-files.xcfilelist",
			);
			name = "[CP] Embed Pods Frameworks";
			outputFileListPaths = (
				"${PODS_ROOT}/Target Support Files/Pods-InstagramFirebase/Pods-InstagramFirebase-frameworks-${CONFIGURATION}-output-files.xcfilelist",
			);
			runOnlyForDeploymentPostprocessing = 0;
			shellPath = /bin/sh;
			shellScript = "\"${PODS_ROOT}/Target Support Files/Pods-InstagramFirebase/Pods-InstagramFirebase-frameworks.sh\"\n";
			showEnvVarsInLog = 0;
		};
/* End PBXShellScriptBuildPhase section */

/* Begin PBXSourcesBuildPhase section */
		39FE694B24682B070009E1D8 /* Sources */ = {
			isa = PBXSourcesBuildPhase;
			buildActionMask = 2147483647;
			files = (
				3982E9BF247AD5DD00BE99E6 /* UserSearchCell.swift in Sources */,
				39FE695724682B070009E1D8 /* SignUpController.swift in Sources */,
				395A84942469B05900B7E806 /* UserProfileHeader.swift in Sources */,
				39FE6968246841690009E1D8 /* Extentions.swift in Sources */,
				39E04821246F7AF000CF39D3 /* CustomImageView.swift in Sources */,
				39D35FAC246AF15F004A5E35 /* PhotoSelectorController.swift in Sources */,
				39E0481F246F411D00CF39D3 /* Post.swift in Sources */,
				3982E9BD247AD46400BE99E6 /* UserSearchController.swift in Sources */,
				395A848D246998F500B7E806 /* MainTabBarController.swift in Sources */,
				3982E9C6247DBFFE00BE99E6 /* CustomAnimationPresentor.swift in Sources */,
				3982E9D324803F6700BE99E6 /* HomePostCell.swift in Sources */,
				3982E9C2247D376E00BE99E6 /* CameraController.swift in Sources */,
				3982E9B8247AA53000BE99E6 /* User.swift in Sources */,
				395A84912469AF1800B7E806 /* UserProfileCollectionViewCell.swift in Sources */,
				3982E9CE247F29E700BE99E6 /* CommentCell.swift in Sources */,
				39C713CF246BBF1A00CE3BE0 /* SharePhotoController.swift in Sources */,
				3982E9D92481644C00BE99E6 /* CommentInputTextView.swift in Sources */,
				39B6DA1B2469FDA1008CA0C3 /* LoginController.swift in Sources */,
				3982E9C8247DD20700BE99E6 /* CustomAnimationDismisser.swift in Sources */,
				3982E9BA247ACA7000BE99E6 /* FirebaseUtilties.swift in Sources */,
				395A848F24699AD200B7E806 /* UserProfileController.swift in Sources */,
				3982E9D724813EB400BE99E6 /* CommentInputAccessoryView.swift in Sources */,
				39FE695324682B070009E1D8 /* AppDelegate.swift in Sources */,
				3982E9C4247D727500BE99E6 /* PerviewPhotoContinaerView.swift in Sources */,
				39D6AC3F246BAE6B0048F093 /* PhotoSelectorHeader.swift in Sources */,
				3982E9CA247EB9E600BE99E6 /* CommentsController.swift in Sources */,
				39D6AC3D246B1CE00048F093 /* PhotoSelectorCell.swift in Sources */,
				3982E9D0247F532300BE99E6 /* Comment.swift in Sources */,
				39136FB1247062F7009162F5 /* HomeController.swift in Sources */,
			);
			runOnlyForDeploymentPostprocessing = 0;
		};
/* End PBXSourcesBuildPhase section */

/* Begin PBXVariantGroup section */
		39FE695824682B070009E1D8 /* Main.storyboard */ = {
			isa = PBXVariantGroup;
			children = (
				39FE695924682B070009E1D8 /* Base */,
			);
			name = Main.storyboard;
			sourceTree = "<group>";
		};
		39FE695D24682B0D0009E1D8 /* LaunchScreen.storyboard */ = {
			isa = PBXVariantGroup;
			children = (
				39FE695E24682B0D0009E1D8 /* Base */,
			);
			name = LaunchScreen.storyboard;
			sourceTree = "<group>";
		};
/* End PBXVariantGroup section */

/* Begin XCBuildConfiguration section */
		39FE696124682B0D0009E1D8 /* Debug */ = {
			isa = XCBuildConfiguration;
			buildSettings = {
				ALWAYS_SEARCH_USER_PATHS = NO;
				CLANG_ANALYZER_NONNULL = YES;
				CLANG_ANALYZER_NUMBER_OBJECT_CONVERSION = YES_AGGRESSIVE;
				CLANG_CXX_LANGUAGE_STANDARD = "gnu++14";
				CLANG_CXX_LIBRARY = "libc++";
				CLANG_ENABLE_MODULES = YES;
				CLANG_ENABLE_OBJC_ARC = YES;
				CLANG_ENABLE_OBJC_WEAK = YES;
				CLANG_WARN_BLOCK_CAPTURE_AUTORELEASING = YES;
				CLANG_WARN_BOOL_CONVERSION = YES;
				CLANG_WARN_COMMA = YES;
				CLANG_WARN_CONSTANT_CONVERSION = YES;
				CLANG_WARN_DEPRECATED_OBJC_IMPLEMENTATIONS = YES;
				CLANG_WARN_DIRECT_OBJC_ISA_USAGE = YES_ERROR;
				CLANG_WARN_DOCUMENTATION_COMMENTS = YES;
				CLANG_WARN_EMPTY_BODY = YES;
				CLANG_WARN_ENUM_CONVERSION = YES;
				CLANG_WARN_INFINITE_RECURSION = YES;
				CLANG_WARN_INT_CONVERSION = YES;
				CLANG_WARN_NON_LITERAL_NULL_CONVERSION = YES;
				CLANG_WARN_OBJC_IMPLICIT_RETAIN_SELF = YES;
				CLANG_WARN_OBJC_LITERAL_CONVERSION = YES;
				CLANG_WARN_OBJC_ROOT_CLASS = YES_ERROR;
				CLANG_WARN_RANGE_LOOP_ANALYSIS = YES;
				CLANG_WARN_STRICT_PROTOTYPES = YES;
				CLANG_WARN_SUSPICIOUS_MOVE = YES;
				CLANG_WARN_UNGUARDED_AVAILABILITY = YES_AGGRESSIVE;
				CLANG_WARN_UNREACHABLE_CODE = YES;
				CLANG_WARN__DUPLICATE_METHOD_MATCH = YES;
				COPY_PHASE_STRIP = NO;
				DEBUG_INFORMATION_FORMAT = dwarf;
				ENABLE_STRICT_OBJC_MSGSEND = YES;
				ENABLE_TESTABILITY = YES;
				GCC_C_LANGUAGE_STANDARD = gnu11;
				GCC_DYNAMIC_NO_PIC = NO;
				GCC_NO_COMMON_BLOCKS = YES;
				GCC_OPTIMIZATION_LEVEL = 0;
				GCC_PREPROCESSOR_DEFINITIONS = (
					"DEBUG=1",
					"$(inherited)",
				);
				GCC_WARN_64_TO_32_BIT_CONVERSION = YES;
				GCC_WARN_ABOUT_RETURN_TYPE = YES_ERROR;
				GCC_WARN_UNDECLARED_SELECTOR = YES;
				GCC_WARN_UNINITIALIZED_AUTOS = YES_AGGRESSIVE;
				GCC_WARN_UNUSED_FUNCTION = YES;
				GCC_WARN_UNUSED_VARIABLE = YES;
				IPHONEOS_DEPLOYMENT_TARGET = 12.0;
				MTL_ENABLE_DEBUG_INFO = INCLUDE_SOURCE;
				MTL_FAST_MATH = YES;
				ONLY_ACTIVE_ARCH = YES;
				SDKROOT = iphoneos;
				SWIFT_ACTIVE_COMPILATION_CONDITIONS = DEBUG;
				SWIFT_OPTIMIZATION_LEVEL = "-Onone";
			};
			name = Debug;
		};
		39FE696224682B0D0009E1D8 /* Release */ = {
			isa = XCBuildConfiguration;
			buildSettings = {
				ALWAYS_SEARCH_USER_PATHS = NO;
				CLANG_ANALYZER_NONNULL = YES;
				CLANG_ANALYZER_NUMBER_OBJECT_CONVERSION = YES_AGGRESSIVE;
				CLANG_CXX_LANGUAGE_STANDARD = "gnu++14";
				CLANG_CXX_LIBRARY = "libc++";
				CLANG_ENABLE_MODULES = YES;
				CLANG_ENABLE_OBJC_ARC = YES;
				CLANG_ENABLE_OBJC_WEAK = YES;
				CLANG_WARN_BLOCK_CAPTURE_AUTORELEASING = YES;
				CLANG_WARN_BOOL_CONVERSION = YES;
				CLANG_WARN_COMMA = YES;
				CLANG_WARN_CONSTANT_CONVERSION = YES;
				CLANG_WARN_DEPRECATED_OBJC_IMPLEMENTATIONS = YES;
				CLANG_WARN_DIRECT_OBJC_ISA_USAGE = YES_ERROR;
				CLANG_WARN_DOCUMENTATION_COMMENTS = YES;
				CLANG_WARN_EMPTY_BODY = YES;
				CLANG_WARN_ENUM_CONVERSION = YES;
				CLANG_WARN_INFINITE_RECURSION = YES;
				CLANG_WARN_INT_CONVERSION = YES;
				CLANG_WARN_NON_LITERAL_NULL_CONVERSION = YES;
				CLANG_WARN_OBJC_IMPLICIT_RETAIN_SELF = YES;
				CLANG_WARN_OBJC_LITERAL_CONVERSION = YES;
				CLANG_WARN_OBJC_ROOT_CLASS = YES_ERROR;
				CLANG_WARN_RANGE_LOOP_ANALYSIS = YES;
				CLANG_WARN_STRICT_PROTOTYPES = YES;
				CLANG_WARN_SUSPICIOUS_MOVE = YES;
				CLANG_WARN_UNGUARDED_AVAILABILITY = YES_AGGRESSIVE;
				CLANG_WARN_UNREACHABLE_CODE = YES;
				CLANG_WARN__DUPLICATE_METHOD_MATCH = YES;
				COPY_PHASE_STRIP = NO;
				DEBUG_INFORMATION_FORMAT = "dwarf-with-dsym";
				ENABLE_NS_ASSERTIONS = NO;
				ENABLE_STRICT_OBJC_MSGSEND = YES;
				GCC_C_LANGUAGE_STANDARD = gnu11;
				GCC_NO_COMMON_BLOCKS = YES;
				GCC_WARN_64_TO_32_BIT_CONVERSION = YES;
				GCC_WARN_ABOUT_RETURN_TYPE = YES_ERROR;
				GCC_WARN_UNDECLARED_SELECTOR = YES;
				GCC_WARN_UNINITIALIZED_AUTOS = YES_AGGRESSIVE;
				GCC_WARN_UNUSED_FUNCTION = YES;
				GCC_WARN_UNUSED_VARIABLE = YES;
				IPHONEOS_DEPLOYMENT_TARGET = 12.0;
				MTL_ENABLE_DEBUG_INFO = NO;
				MTL_FAST_MATH = YES;
				SDKROOT = iphoneos;
				SWIFT_COMPILATION_MODE = wholemodule;
				SWIFT_OPTIMIZATION_LEVEL = "-O";
				VALIDATE_PRODUCT = YES;
			};
			name = Release;
		};
		39FE696424682B0D0009E1D8 /* Debug */ = {
			isa = XCBuildConfiguration;
			baseConfigurationReference = 8898B63A5CC2065575B71DE3 /* Pods-InstagramFirebase.debug.xcconfig */;
			buildSettings = {
				ASSETCATALOG_COMPILER_APPICON_NAME = AppIcon;
				CODE_SIGN_STYLE = Automatic;
				DEVELOPMENT_TEAM = 83P9AL35VH;
				INFOPLIST_FILE = InstagramFirebase/Info.plist;
				LD_RUNPATH_SEARCH_PATHS = (
					"$(inherited)",
					"@executable_path/Frameworks",
				);
				PRODUCT_BUNDLE_IDENTIFIER = M.InstagramFirebase;
				PRODUCT_NAME = "$(TARGET_NAME)";
				SWIFT_VERSION = 5.0;
				TARGETED_DEVICE_FAMILY = "1,2";
			};
			name = Debug;
		};
		39FE696524682B0D0009E1D8 /* Release */ = {
			isa = XCBuildConfiguration;
			baseConfigurationReference = E8D4D8A7BFDC256EB17F7F65 /* Pods-InstagramFirebase.release.xcconfig */;
			buildSettings = {
				ASSETCATALOG_COMPILER_APPICON_NAME = AppIcon;
				CODE_SIGN_STYLE = Automatic;
				DEVELOPMENT_TEAM = 83P9AL35VH;
				INFOPLIST_FILE = InstagramFirebase/Info.plist;
				LD_RUNPATH_SEARCH_PATHS = (
					"$(inherited)",
					"@executable_path/Frameworks",
				);
				PRODUCT_BUNDLE_IDENTIFIER = M.InstagramFirebase;
				PRODUCT_NAME = "$(TARGET_NAME)";
				SWIFT_VERSION = 5.0;
				TARGETED_DEVICE_FAMILY = "1,2";
			};
			name = Release;
		};
/* End XCBuildConfiguration section */

/* Begin XCConfigurationList section */
		39FE694A24682B070009E1D8 /* Build configuration list for PBXProject "InstagramFirebase" */ = {
			isa = XCConfigurationList;
			buildConfigurations = (
				39FE696124682B0D0009E1D8 /* Debug */,
				39FE696224682B0D0009E1D8 /* Release */,
			);
			defaultConfigurationIsVisible = 0;
			defaultConfigurationName = Release;
		};
		39FE696324682B0D0009E1D8 /* Build configuration list for PBXNativeTarget "InstagramFirebase" */ = {
			isa = XCConfigurationList;
			buildConfigurations = (
				39FE696424682B0D0009E1D8 /* Debug */,
				39FE696524682B0D0009E1D8 /* Release */,
			);
			defaultConfigurationIsVisible = 0;
			defaultConfigurationName = Release;
		};
/* End XCConfigurationList section */
	};
	rootObject = 39FE694724682B070009E1D8 /* Project object */;
}
